
Microsoft Visual Studio Solution File, Format Version 12.00
# Visual Studio 15
VisualStudioVersion = 15.0.27428.2037
MinimumVisualStudioVersion = 10.0.40219.1
Project("{FAE04EC0-301F-11D3-BF4B-00C04F79EFBC}") = "SPAtraductores", "SPAtraductores\SPAtraductores.csproj", "{B83BDF86-4C7E-4872-928B-922150450D5B}"
EndProject
Global
	GlobalSection(SolutionConfigurationPlatforms) = preSolution
		Debug|Any CPU = Debug|Any CPU
		Release|Any CPU = Release|Any CPU
	EndGlobalSection
	GlobalSection(ProjectConfigurationPlatforms) = postSolution
		{B83BDF86-4C7E-4872-928B-922150450D5B}.Debug|Any CPU.ActiveCfg = Debug|Any CPU
		{B83BDF86-4C7E-4872-928B-922150450D5B}.Debug|Any CPU.Build.0 = Debug|Any CPU
		{B83BDF86-4C7E-4872-928B-922150450D5B}.Release|Any CPU.ActiveCfg = Release|Any CPU
		{B83BDF86-4C7E-4872-928B-922150450D5B}.Release|Any CPU.Build.0 = Release|Any CPU
	EndGlobalSection
	GlobalSection(SolutionProperties) = preSolution
		HideSolutionNode = FALSE
	EndGlobalSection
	GlobalSection(ExtensibilityGlobals) = postSolution
		SolutionGuid = {78EBD955-8F72-4F52-A536-2553FA60A104}
	EndGlobalSection
EndGlobal
